
Microsoft Visual Studio Solution File, Format Version 12.00
# Visual Studio Version 17
VisualStudioVersion = 17.3.32929.385
MinimumVisualStudioVersion = 10.0.40219.1
Project("{FAE04EC0-301F-11D3-BF4B-00C04F79EFBC}") = "Calculator.Slutuppdrag", "Calculator.Slutuppdrag.csproj", "{47DA396D-29B1-47A0-9995-14BC141967EC}"
EndProject
Global
	GlobalSection(SolutionConfigurationPlatforms) = preSolution
		Debug|Any CPU = Debug|Any CPU
		Release|Any CPU = Release|Any CPU
	EndGlobalSection
	GlobalSection(ProjectConfigurationPlatforms) = postSolution
		{47DA396D-29B1-47A0-9995-14BC141967EC}.Debug|Any CPU.ActiveCfg = Debug|Any CPU
		{47DA396D-29B1-47A0-9995-14BC141967EC}.Debug|Any CPU.Build.0 = Debug|Any CPU
		{47DA396D-29B1-47A0-9995-14BC141967EC}.Release|Any CPU.ActiveCfg = Release|Any CPU
		{47DA396D-29B1-47A0-9995-14BC141967EC}.Release|Any CPU.Build.0 = Release|Any CPU
	EndGlobalSection
	GlobalSection(SolutionProperties) = preSolution
		HideSolutionNode = FALSE
	EndGlobalSection
	GlobalSection(ExtensibilityGlobals) = postSolution
		SolutionGuid = {8701E496-FCD5-46B0-84A0-40751FA6B9EC}
	EndGlobalSection
EndGlobal
